{
  "name": "ebay-node-api",
  "version": "2.8.4",
  "lockfileVersion": 1,
  "requires": true,
  "dependencies": {
    "make-string": {
      "version": "1.0.3",
      "resolved": "https://registry.npmjs.org/make-string/-/make-string-1.0.3.tgz",
      "integrity": "sha512-qpC9vH1GPDr1VEAIL1jicyoR77SjSuFPE5QYm/lKEFA/br21jKpAehGVZ11i23ai7UhfFGpJ1Hukw6EPi81Rvg=="
    }
  }
}
